
Microsoft Visual Studio Solution File, Format Version 12.00
# Visual Studio Version 16
VisualStudioVersion = 16.0.32106.194
MinimumVisualStudioVersion = 10.0.40219.1
Project("{9A19103F-16F7-4668-BE54-9A1E7A4F7556}") = "WikiPACE", "WikiPACE\WikiPACE.csproj", "{81A3EBA5-6222-46DD-9090-B51BE9FCAEC4}"
EndProject
Global
	GlobalSection(SolutionConfigurationPlatforms) = preSolution
		Debug|Any CPU = Debug|Any CPU
		Release|Any CPU = Release|Any CPU
	EndGlobalSection
	GlobalSection(ProjectConfigurationPlatforms) = postSolution
		{81A3EBA5-6222-46DD-9090-B51BE9FCAEC4}.Debug|Any CPU.ActiveCfg = Debug|Any CPU
		{81A3EBA5-6222-46DD-9090-B51BE9FCAEC4}.Debug|Any CPU.Build.0 = Debug|Any CPU
		{81A3EBA5-6222-46DD-9090-B51BE9FCAEC4}.Release|Any CPU.ActiveCfg = Release|Any CPU
		{81A3EBA5-6222-46DD-9090-B51BE9FCAEC4}.Release|Any CPU.Build.0 = Release|Any CPU
	EndGlobalSection
	GlobalSection(SolutionProperties) = preSolution
		HideSolutionNode = FALSE
	EndGlobalSection
	GlobalSection(ExtensibilityGlobals) = postSolution
		SolutionGuid = {8E5AABCE-F689-45EB-92B2-9AE1990225E5}
	EndGlobalSection
EndGlobal
